
Microsoft Visual Studio Solution File, Format Version 12.00
# Visual Studio Version 16
VisualStudioVersion = 16.0.31515.178
MinimumVisualStudioVersion = 10.0.40219.1
Project("{888888A0-9F3D-457C-B088-3A5042F75D52}") = "MovieGuidePart2", "MovieGuidePart2\MovieGuidePart2.pyproj", "{E815AD09-D9DD-4AEE-A120-10BB08490F21}"
EndProject
Global
	GlobalSection(SolutionConfigurationPlatforms) = preSolution
		Debug|Any CPU = Debug|Any CPU
		Release|Any CPU = Release|Any CPU
	EndGlobalSection
	GlobalSection(ProjectConfigurationPlatforms) = postSolution
		{E815AD09-D9DD-4AEE-A120-10BB08490F21}.Debug|Any CPU.ActiveCfg = Debug|Any CPU
		{E815AD09-D9DD-4AEE-A120-10BB08490F21}.Release|Any CPU.ActiveCfg = Release|Any CPU
	EndGlobalSection
	GlobalSection(SolutionProperties) = preSolution
		HideSolutionNode = FALSE
	EndGlobalSection
	GlobalSection(ExtensibilityGlobals) = postSolution
		SolutionGuid = {58F74FEC-65B0-4EA7-A172-169CF7EE2721}
	EndGlobalSection
EndGlobal
